
Microsoft Visual Studio Solution File, Format Version 12.00
# Visual Studio Version 17
VisualStudioVersion = 17.11.35327.3
MinimumVisualStudioVersion = 10.0.40219.1
Project("{FAE04EC0-301F-11D3-BF4B-00C04F79EFBC}") = "Proiect3.0", "Proiect3.0.csproj", "{79124D13-77A6-4FA2-8E4D-F830306A8E82}"
EndProject
Global
	GlobalSection(SolutionConfigurationPlatforms) = preSolution
		Debug|Any CPU = Debug|Any CPU
		Release|Any CPU = Release|Any CPU
	EndGlobalSection
	GlobalSection(ProjectConfigurationPlatforms) = postSolution
		{79124D13-77A6-4FA2-8E4D-F830306A8E82}.Debug|Any CPU.ActiveCfg = Debug|Any CPU
		{79124D13-77A6-4FA2-8E4D-F830306A8E82}.Debug|Any CPU.Build.0 = Debug|Any CPU
		{79124D13-77A6-4FA2-8E4D-F830306A8E82}.Release|Any CPU.ActiveCfg = Release|Any CPU
		{79124D13-77A6-4FA2-8E4D-F830306A8E82}.Release|Any CPU.Build.0 = Release|Any CPU
	EndGlobalSection
	GlobalSection(SolutionProperties) = preSolution
		HideSolutionNode = FALSE
	EndGlobalSection
	GlobalSection(ExtensibilityGlobals) = postSolution
		SolutionGuid = {67BDCF5D-C46B-46CE-ABD2-6045C1F9753A}
	EndGlobalSection
EndGlobal
